
Microsoft Visual Studio Solution File, Format Version 12.00
# Visual Studio Version 17
VisualStudioVersion = 17.14.36518.9 d17.14
MinimumVisualStudioVersion = 10.0.40219.1
Project("{FAE04EC0-301F-11D3-BF4B-00C04F79EFBC}") = "Code-NT106.Q14.2-Lab02_24521213", "Code-NT106.Q14.2-Lab02_24521213.csproj", "{CBC20174-25EC-4BAF-B398-A42E3C3A91AD}"
EndProject
Global
	GlobalSection(SolutionConfigurationPlatforms) = preSolution
		Debug|Any CPU = Debug|Any CPU
		Release|Any CPU = Release|Any CPU
	EndGlobalSection
	GlobalSection(ProjectConfigurationPlatforms) = postSolution
		{CBC20174-25EC-4BAF-B398-A42E3C3A91AD}.Debug|Any CPU.ActiveCfg = Debug|Any CPU
		{CBC20174-25EC-4BAF-B398-A42E3C3A91AD}.Debug|Any CPU.Build.0 = Debug|Any CPU
		{CBC20174-25EC-4BAF-B398-A42E3C3A91AD}.Release|Any CPU.ActiveCfg = Release|Any CPU
		{CBC20174-25EC-4BAF-B398-A42E3C3A91AD}.Release|Any CPU.Build.0 = Release|Any CPU
	EndGlobalSection
	GlobalSection(SolutionProperties) = preSolution
		HideSolutionNode = FALSE
	EndGlobalSection
	GlobalSection(ExtensibilityGlobals) = postSolution
		SolutionGuid = {AF96B0C4-42F2-4DE2-9D0B-A76045B7AA67}
	EndGlobalSection
EndGlobal
